
Microsoft Visual Studio Solution File, Format Version 12.00
# Visual Studio Version 17
VisualStudioVersion = 17.9.34728.123
MinimumVisualStudioVersion = 10.0.40219.1
Project("{FAE04EC0-301F-11D3-BF4B-00C04F79EFBC}") = "MeteoroloskiSenzor_Adapter", "MeteoroloskiSenzor_Adapter\MeteoroloskiSenzor_Adapter.csproj", "{21D647C9-F9EF-4E2F-BF98-FCF700796869}"
EndProject
Global
	GlobalSection(SolutionConfigurationPlatforms) = preSolution
		Debug|Any CPU = Debug|Any CPU
		Release|Any CPU = Release|Any CPU
	EndGlobalSection
	GlobalSection(ProjectConfigurationPlatforms) = postSolution
		{21D647C9-F9EF-4E2F-BF98-FCF700796869}.Debug|Any CPU.ActiveCfg = Debug|Any CPU
		{21D647C9-F9EF-4E2F-BF98-FCF700796869}.Debug|Any CPU.Build.0 = Debug|Any CPU
		{21D647C9-F9EF-4E2F-BF98-FCF700796869}.Release|Any CPU.ActiveCfg = Release|Any CPU
		{21D647C9-F9EF-4E2F-BF98-FCF700796869}.Release|Any CPU.Build.0 = Release|Any CPU
	EndGlobalSection
	GlobalSection(SolutionProperties) = preSolution
		HideSolutionNode = FALSE
	EndGlobalSection
	GlobalSection(ExtensibilityGlobals) = postSolution
		SolutionGuid = {AB65C919-FF8F-4FE9-81F8-3582541BD5DC}
	EndGlobalSection
EndGlobal
